
Microsoft Visual Studio Solution File, Format Version 12.00
# Visual Studio Version 16
VisualStudioVersion = 16.0.31025.194
MinimumVisualStudioVersion = 10.0.40219.1
Project("{FAE04EC0-301F-11D3-BF4B-00C04F79EFBC}") = "DashboardRRHH", "DashboardRRHH\DashboardRRHH.csproj", "{60223BF8-A85A-4BE0-A1C6-53DD4B2D5339}"
EndProject
Project("{FAE04EC0-301F-11D3-BF4B-00C04F79EFBC}") = "AccesoDatos", "AccesoDatos\AccesoDatos.csproj", "{28F1F00F-612F-4A3E-A7A5-C3BBD60CDE56}"
EndProject
Project("{FAE04EC0-301F-11D3-BF4B-00C04F79EFBC}") = "Negocio", "Negocio\Negocio.csproj", "{72E35547-5BFD-4F48-B8C0-75D90075A1BE}"
EndProject
Project("{FAE04EC0-301F-11D3-BF4B-00C04F79EFBC}") = "Entidades", "Entidades\Entidades.csproj", "{A08B2B58-1ED5-4BFB-9D4C-30C0297CE348}"
EndProject
Global
	GlobalSection(SolutionConfigurationPlatforms) = preSolution
		Debug|Any CPU = Debug|Any CPU
		Release|Any CPU = Release|Any CPU
	EndGlobalSection
	GlobalSection(ProjectConfigurationPlatforms) = postSolution
		{60223BF8-A85A-4BE0-A1C6-53DD4B2D5339}.Debug|Any CPU.ActiveCfg = Debug|Any CPU
		{60223BF8-A85A-4BE0-A1C6-53DD4B2D5339}.Debug|Any CPU.Build.0 = Debug|Any CPU
		{60223BF8-A85A-4BE0-A1C6-53DD4B2D5339}.Release|Any CPU.ActiveCfg = Release|Any CPU
		{60223BF8-A85A-4BE0-A1C6-53DD4B2D5339}.Release|Any CPU.Build.0 = Release|Any CPU
		{28F1F00F-612F-4A3E-A7A5-C3BBD60CDE56}.Debug|Any CPU.ActiveCfg = Debug|Any CPU
		{28F1F00F-612F-4A3E-A7A5-C3BBD60CDE56}.Debug|Any CPU.Build.0 = Debug|Any CPU
		{28F1F00F-612F-4A3E-A7A5-C3BBD60CDE56}.Release|Any CPU.ActiveCfg = Release|Any CPU
		{28F1F00F-612F-4A3E-A7A5-C3BBD60CDE56}.Release|Any CPU.Build.0 = Release|Any CPU
		{72E35547-5BFD-4F48-B8C0-75D90075A1BE}.Debug|Any CPU.ActiveCfg = Debug|Any CPU
		{72E35547-5BFD-4F48-B8C0-75D90075A1BE}.Debug|Any CPU.Build.0 = Debug|Any CPU
		{72E35547-5BFD-4F48-B8C0-75D90075A1BE}.Release|Any CPU.ActiveCfg = Release|Any CPU
		{72E35547-5BFD-4F48-B8C0-75D90075A1BE}.Release|Any CPU.Build.0 = Release|Any CPU
		{A08B2B58-1ED5-4BFB-9D4C-30C0297CE348}.Debug|Any CPU.ActiveCfg = Debug|Any CPU
		{A08B2B58-1ED5-4BFB-9D4C-30C0297CE348}.Debug|Any CPU.Build.0 = Debug|Any CPU
		{A08B2B58-1ED5-4BFB-9D4C-30C0297CE348}.Release|Any CPU.ActiveCfg = Release|Any CPU
		{A08B2B58-1ED5-4BFB-9D4C-30C0297CE348}.Release|Any CPU.Build.0 = Release|Any CPU
	EndGlobalSection
	GlobalSection(SolutionProperties) = preSolution
		HideSolutionNode = FALSE
	EndGlobalSection
	GlobalSection(ExtensibilityGlobals) = postSolution
		SolutionGuid = {746526D9-451E-408A-B6BA-7632E14709FC}
	EndGlobalSection
EndGlobal
